U2FsdGVkX19mOEc7NUZdQtb/vFZnDOZbf5wGAQXxq0jHY0iuWDz3LIeL/v3qpPsA
Esj6SxSvmbDh9h8z/0Hmmttv34YxAkxR7cNM6zP6RMbnYbiDjPXqROCTCmQTjGVZ
H07IiSb0N6JrFrecf7sUHebE694CIMFN5acs9R1PbdL5COGzcTRVWWmXyJLqVPgM
z4MYbGV7mggq3LThpmStCaLLMM9TqScqkl1UH4QOLCuoonzlviRjo84oRBApg1pN
hQ7vVmzWsGDX6MGlilsgTclQbLkoglbQ2xKIQhuJuzSOBle3odjnWxbmA7AlsLG5
Yoe0M/ve3yWWDdEvVsP6Xq0TOIlNbwGl+LGG0oZP9S8Lm6p4zXFHzRXylFImPC+U
QG9Jet/FxOh4SCh8KfmuXu4zR8OUaLV244SG18Ird8FPcL3Hh5EdSW2vYRgpaH5j
Wa09NGHAkcrNSEGtQl7HTLqhCJ/OovjVqbkKMhcsKukUpiUzyTqkTdO+x6qIabGu
mhoj+k9BhCNvqjgkdjXSAYJ0pQR9twREu2BMppWJ3qf8KGwwLrANk7GOxC/V5gV8
sDeoVL+0PNot2e7Qw5/EBffBWOu+YPyqQbWUWCAG/rqwYtyizKuo2ztdbobtuhf7
j1QVwdXJo7HHOXPOZA49pKjl2z3qnazTuhm9403rV+1Ye9NsX5Zp4ZXubwAaPCea
O1OFcnGfUU2of4StWPysZKiifOW+JGOjzihEECmDWk2oWtNyBicko/kpyOsozAH5
FSfNi5Tx8HXgVppQBNRC83/lB4GWotms1oSvXVfSb8eNDfUb6TOj6RCCBSTX1thz
7iUUm2/jRhMgWf3csz4HWbWK8SSwYHhjKR1O0zeB98H8KGwwLrANk7GOxC/V5gV8
sDeoVL+0PNot2e7Qw5/EBTtThXJxn1FNqH+ErVj8rGQf8HX1GE1qBsnHUDGgf5/O
y8ugv7Sqega8EYwNQAp1M7bf6s8g0B/XaLaCnzuV1JF4VKCusXD0sRy2CxQkqKqe
fXLpmcBOCTb6S2Htif8lfnPBLX+W5zgk9+SkW8+qeIqMdaEgqPUeZrBhTpXAeBKd
mYboMy0uVIhRM/2dq9D3N+bxS8bMJgvpsuagYDLfyOwgmWq6H8zFZBh2sUTx+TEM
YOLmZbmnwvT0445v9PVLbRQFoUGCCo4sNBn8bfFu/GgOARr2qEN72XP8cyAK5IFo
ndofIftDx9F4YYfQNFyhMxClehjeguk2D5n1ewT4mxy3Bd2ozFVJO3akWXf1Wh/8
Fn66AlArWXbH+8OJLeQ7OQXflYM+mmnVjzIRLToP2lmWHpMCsW8TfFczNiULAGnZ
j7S6VNHcvq4EoqZ2vcJISn9IiAcktbK/Wp71iZtIc0eDgNYA5RutJY/FkSrMb8yo
dUCAN6t+6ik0qgb9d1smm64YlRz8VHX9U1xs4myaXbm9hXmSAte9qY0AWqbu+PNl
8Sa8MPIcM0Qhy+eauCMstedXU0o/vf64VLirWArBvAcKmNUU/vhDJ45yDUcK0nhB
fixbIzwe2aWq6bMuh9NnDKwBRM+4ChqmkYk7ws0UMi9DvkgpXtyuT9sdqEK/xK4X
VaG75sruLY0TdJfplzjSsU7g/C3ieFyVAkY6EnHNjCTt1s1F4alo+ZtNsnr6UvLJ
jzmVncgY4BJ3eH7ubFuxnYcVz8YqEq0+9EYdp2iqhc6CTinJidW6tQqvKJWTiA75
vj2/m0GTPDmcCqmU50azb1IlEo1pdkU+EhTeY51QKBl1kyaTP0fmqB5753Ogtq00
UYFQqYmzCLGzcGnaRPR8vMxExjXL4VEmobFGNHm413Mal+MAUBVLID1KrvGf7ivc
hZwVP7Rort6AaY/g0SV3M/vovYURPrVZ6n88qq4KgRI6jnG6JjaumDhkLKAscs+F
TdmimzWYoc3RiKm+VKUwkg7dFAP8vFJo6Aq7pbkmCn/D+KhvrKqA7pBBCZRWd0ID
hZPsa1YzolROquTVlSpMEE55kPnXu/cg/6vbszGr38bbYRp/08urQwvHGo4s/qTW
IRgn+Sh75F4xViBlqjzubgZ5ajCJxF6mCm2+DWihIaNR2z7fDPRTkxtqGk/AJzmi
ofQ/nABD7R4AODFUrWhpewFHvxqZo/T+X8hZrfPXQuPJztRcF6LpoOzSzwcdS4or
a9mPKsVzhpBpuAUdfewNU1xKD28i4zeFFYC6fiNxzhuxYhp3AVPErFD84yNd5/op
XQQOCZifyRebR4I8HO+DVp07wfJe5q0J7mrhUFF0XUz2ks3gyIy1GsozixHakpJd
KJyvShSiA6YkACgw+2z0dQtf4WC3vUcVuAMhMzZtEz4RUFN+mY4gsalNBo2Fjodz
wQ3flis14eSndCOTrS77pEpXkug5QErAussTcl2gqGHeC/4SaQtj9t0NJLKajRcy
tyqEjpZ580/XS/ObyuB85yv3HfNprts5dkIBpb4RsnKe0Moz8XZuYvtbFb6TQjem
MsmfIhMi98sNOAYX8hcc+E2SMBtm/H92ZBBRAk/RsyIN4MaJj1uCarLr9rm+aCpc
iwoCZNjPNG7Cr/ox1BzYQ0XqWxkVV1epzuw6Thwz3OVN2nvpS/pYFwAHDVgeWnoU
VaG75sruLY0TdJfplzjSsU2LLEpINGyzNDZ1Jrn5y8Gnlf2TYBHVbdajsDQNhwic
2Yh+wZJgEl/f6nEDoOwMhTqOcbomNq6YOGQsoCxyz4U3CksSTN+bklCsCb9P5OmL
3AkyyIvmzqMMQgZIZvilQ2WDPsjdbpPPSY8XgxBtjWOZgrSkYSKc1DhU9pfe5OkU
Q9kJHdRjJBCHU3683CjZ010q5Y5w5mSO1tE7wkaI+KiBr3qtVtwvaigemaLaFJ51
1DxUpdZbU4uuvtYPr73jSgUyvlA2Wpyf4gE6K5Ec2vKAsKRkmSLbWEv7McFydkXK
pXi5+X8EpJou+3fwWk/jvl/7WraT1jnPC9TWzs3Q1Q6+KTB1EHqvFIY6oL360zz8
G4kOBST7m4GoMXTg8yJLSfhOWOta2D9s+UZ57BgZ9e4rVH6x8ZCoajAAhc3ntQuy
gx3NRSuQYjvcXOo+nUWc5HIIielP0XbvKMigP3afEEDUNi5MFPm5HIsglw2j6YV3
Vbff271yeetZh2n7Ga2wlI3AjvkPdGUc2+pLzarBfQ1tYoOoBlL2UK/zj/4dHEhm
dw7aEUCLtfly23X9Qmu46tcgO3NnWFVbWnY3CNFvaGxat9cVJWvFkeZ3uvk/qwK/
iMhAMl6OczjhS0CliSJ6O/yHroFwpGk/Hm+npeAx4d2dKkAuisIcNVLG82rWAKcl
/U26h2leno7VoRmWN/MedoJCHoYmp8Z6SPnSs6Ocy3GGgEzru64eb7M4+kRrPCyF
C5Y7xT9BCpx1P3RB5G+5/8Hnieh2zWe+nfk2wpLMuOIQ5k27PAOgpHbOM8I4TfQK
1Ji8DgNpkKbDlTFHLESCStqGMlNhcvaiY8xvV4HgrRbrutdiL5hXBPt3/5flLjv0
U1NokkfDqAvn96GDwYQdYFK/WG8GV/mhEqC0nKKXi6wb6c0D8bhGjoClU/A4bNLS
7RCIGcJqK93vNKEQKq92l095vxD3d7njZsnk0ezjoSmqJWRB0R2i5R7+oLAA9f56
LZxDujbwRH5sxVcjZ+iYzNvZNGNpF9sh9QZoudFscMJxU5cDk+aNP6EoXSGcE1hl
E9p6B7KQzp0gA5/1r2lcaZYz0L1X+BAr5uXEBfwzXYBlw45vvUIrTWBMB5o62tWk
Qv5p0d9FqrhdcaeYvGR4y+dhuIOM9epE4JMKZBOMZVnoQnNYfhILGj7JwFfM6HBq
jkVDLmWK6o4TjlQUICDURo9cBtTe1x1RJPUy8G+YTuYvkAKWBGO6kyT/NVltAZyd
StdpBN/Uf0i3P9Fmji1nQQ8o22r7bA1MEpG8vlniZOATrnjuCVGBwgdwrrt6zpY1
3C1sqGsHAbA89D9cVxQhDTEXwt5sQLa0Dl+t3THbt6YUBd2ObIk7YfZ1gQjcihAa
H3RudJS/D0hy/GhniVopD2CH5wl5sbSzuYCoLe9rFBohcEbGfgFIGsuPeHdjl3eR
mlP5SE1228jYfRktNA7ohLU7oTzuu55BQB2M5wSxjDZYUGVSu3Xuxdfs3Na1TDaY
5fY/lLh6n5fo1WzdASotHzsAgSeKbMP9qYRpC7loOpWjM54LxLJuY4FGvuOR8Dgr
gqQwCPjBfFos4ZGchKNGT1G3wW2M2r3eYTkAfa6xhIjt+0T7iJ4RhT5KQOqIlr2l
TaQ8sPj0oflqPt1bcfg2u5NIxciM60r8DadEk1Iika4/vplOaZ1fB94ABKRpGNX/
tAOwBKvs+gBOg7S+9nSC4T9hQqJYHGGKBbIDwhN1f5CtFSRA7yz03WCBnk1aEucQ
EYxYFAr6RRCSB0ZQvhCJ/t84HHRv6JGHnNJN7KGdlj5cF31MG5MXj3Cb90dQ//P1
BVtxB7oltcfkrJ7gWhbrv8U3/4Hsvll9eF22jv8FxVjTCIs9kQP/mtQr//pxLU9v
XXZjGd7AWMbCwbXi8CVz9eIehKfFmRajpaJ3q0/cgyEC92fruAq0tuTdZ27cAJMn
SHeBD7Uv+WvEdqHUs1eH7SzB5UHFw7DvALC23TsLOm2IsOFRHhNXqie/gH2RaHRZ
CCz6gwBQjwGGh00G0tPFBn8vqa/fVoSG9m1O6TPHFNK5pJpCMBzAvSyvJwzHKqTh
A5RFZx/6zaai7pNxSgoVZ7QTIJup+I4Smr8fPoMCsvLMaTyD7uBT3MA0EI4LltfL
rbTSGP+HLavSLeUDnEgB/Wv3QqOEVW4uJcGtzgSRmlxn+hxmMaA15p0Xqc3+p+0/
WqTeaLYbugXgBoTHLxOlCqTvoHa5SJELlV6o3Bumquz4jwV4qNMXjmOoAUfrEghA
TYF+jCL1f4BFB8FJIgxwvUCqHcAHQG3dUpkeOygckCRRtmLrFSps4bHMo7nLVdFK
tt/qzyDQH9dotoKfO5XUkUicppo1cecyKizWU8zLe1W156yJJS+1qiYq7l+hOKHA
6EAgqArvE2s0t7a4FfSreQVLdQhDOiFcrvpVuOgr6RC96bV2NZiaEqShqHxv4H9c
Q4ddHvotmWHOPL51wJP14r4coiI3fA3Q7ijcKG4YZkcyD7ElcF5Jn5P/CLQFXB1b
QE9V2rZSJCayex6ySBBdjTfad6Lp9PoYRyBd1G4WyrmqJRAoGWaEfDSeWoyjbrdC
amr4rYcOvOOsVeWnTgvmjdcVkpfJfezN+oG0xssgv/iWxmmPgLpionYZYmIfO7ca
0yPDFsRrmZFiizF4ylHrwqoga6gT6fxcyEUJxJg2FyV1fy48+rkdHFC+lHONCmNB
4vaxLZD58qE2xFwG0/aJUehoKHc1CXxiF9tUgc83PU+lp5UP3Ap0f76Q72HBWBDG
K/iXp1+G5mi8BDkCcFKjGvIqDJ7XvKYse0hpJjApI3UUWguYUxIDnBK0lR9o7Q4N
4jCNcGXibPpxDjN468JqdTl4Q8KE1R9nnDU+MI9scDS4Ge/tz2QrSe6/ZdKSLZKV
qChG5pYROioX9MvosyBTJ+drNsg71BXT7i2DZVLXnjANisPdw2zZmnfA8HH0TG7C
+I5M+SxsXzGZEeJgfwYpLucDP+khD8L61NAWENSaWkGHCZg7/t+BKF6umBVRFvVh
DeiXVbuzRzZ1rpz7l8m58fpHheGIa/p3mMJku5M4+ZUr0ucenDfMXJG87m4WslMT
NZfVdADovPlkGXKeLfznTN9V1NahZ7GkGsdhQCWs0Yw9vh5kkL3eweV8qEcEe2NA
+5ROLNg35F9X0wSpcS0iXu7L0asmXBQ5o6Cs5OYbluaxvtJTF7W62Qy2A49oA/ET
39iSSZHF2CCmayFnkMVBe3GQZ/c4AIFQ9+tFcG1QUaubnSnzIfxjJ8VymPf4M99L
4QMem2awF2L9vD8u4qfp3VUg5sXWWyKGgPIeIprtwClk8yduhrU4NhfUoUPsCifW
5o1R3IpEqxI9oGg2GuPkynpHYCi6RdlOWqJYkJLBC15+FBKhGchwybWkiVhZcF1a
9Zz/qjQgkPGj9jo9FJL1HQ7rd8tMKt00b+z6LoD+y/GVudEX4dYLlQsxVJXfJ+CR
MycmqAYRLaFw5i+ciTKk1GiHcBM8l9Fl1x6E/x4GXieYFI7GlMhinF2pNQa+Id1v
4HEeMQIa8TESlwdr0AWgdc1qwIf8Wt5xVh3RtPmZ0PCGnBv8Z/QjOZsfHPl5QrC2
ghbq/X9RkVyv+4bOV+Ws9f2bi/9ffhQc5Ij2dH4DE59xyL2g1lJOUOfoHgFbxlNP
VBoJxpdq7IAJTwQxo7B6X3bUVFl7fYqxzziaz3zloHvMfB4IDxNeq/fLco8f2NgM
